{
    "_readme": [
        "This file locks the dependencies of your project to a known state",
        "Read more about it at https://getcomposer.org/doc/01-basic-usage.md#composer-lock-the-lock-file",
        "This file is @generated automatically"
    ],
    "hash": "e50c8cf790c5ffb7b5bddd0fe0dcfcbb",
    "content-hash": "157c3ef7cad60860d276666e61a57654",
    "packages": [
        {
            "name": "zendtech/ibmitoolkit",
            "version": "1.7.0",
            "source": {
                "type": "git",
                "url": "https://github.com/zendtech/IbmiToolkit.git",
                "reference": "a139a9bd169f803807dd968ac0bf9ba72a69a599"
            },
            "dist": {
                "type": "zip",
                "url": "https://api.github.com/repos/zendtech/IbmiToolkit/zipball/a139a9bd169f803807dd968ac0bf9ba72a69a599",
                "reference": "a139a9bd169f803807dd968ac0bf9ba72a69a599",
                "shasum": ""
            },
            "require": {
                "php": ">=5.3.3"
            },
            "require-dev": {
                "phpunit/phpunit": "4.2.*"
            },
            "type": "library",
            "autoload": {
                "classmap": [
                    "ToolkitApi/"
                ],
                "psr-4": {
                    "ToolkitApi\\": "ToolkitApi"
                }
            },
            "notification-url": "https://packagist.org/downloads/",
            "license": [
                "BSD-3-Clause"
            ],
            "authors": [
                {
                    "name": "Alan Seiden",
                    "email": "alan@alanseiden.com",
                    "homepage": "http://alanseiden.com"
                },
                {
                    "name": "Adam Culp",
                    "email": "adamculp@uws.net",
                    "homepage": "http://geekyboy.com"
                }
            ],
            "description": "PHP frontend to XMLSERVICE for IBM i development.",
            "keywords": [
                "IBMi",
                "XMLSERVICE",
                "as400",
                "ibmitoolkit",
                "ibmxmltoolkit",
                "zend"
            ],
            "time": "2016-04-10 23:40:31"
        }
    ],
    "packages-dev": [],
    "aliases": [],
    "minimum-stability": "stable",
    "stability-flags": [],
    "prefer-stable": false,
    "prefer-lowest": false,
    "platform": [],
    "platform-dev": []
}
